
Microsoft Visual Studio Solution File, Format Version 12.00
# Visual Studio Version 17
VisualStudioVersion = 17.14.36717.8
MinimumVisualStudioVersion = 10.0.40219.1
Project("{FAE04EC0-301F-11D3-BF4B-00C04F79EFBC}") = "WalletWise.WebApi", "WalletWise.WebApi\WalletWise.WebApi.csproj", "{AA038A2A-3FF8-46A3-9401-CD127E5230EE}"
EndProject
Project("{2150E333-8FDC-42A3-9474-1A3956D46DE8}") = "Presentation", "Presentation", "{02EA681E-C7D8-13C7-8484-4AC65E1B71E8}"
EndProject
Project("{2150E333-8FDC-42A3-9474-1A3956D46DE8}") = "Core", "Core", "{D3C078CD-D1FB-4490-81FB-5828E382553E}"
EndProject
Project("{2150E333-8FDC-42A3-9474-1A3956D46DE8}") = "WebApi", "WebApi", "{C19EB51E-EC26-410A-8CC8-9BE48E9A4B76}"
EndProject
Project("{FAE04EC0-301F-11D3-BF4B-00C04F79EFBC}") = "WalletWise.Domain", "WalletWise.Domain\WalletWise.Domain.csproj", "{5588DEC3-AF73-4EB5-8E8A-7FA842D808C0}"
EndProject
Project("{FAE04EC0-301F-11D3-BF4B-00C04F79EFBC}") = "WalletWise.Application", "WalletWise.Application\WalletWise.Application.csproj", "{CBEB5117-6414-4B64-9691-A7F67AB1DCA5}"
EndProject
Project("{2150E333-8FDC-42A3-9474-1A3956D46DE8}") = "Tests", "Tests", "{D85D1AEB-CA79-4483-A28C-172DFC84FF7F}"
EndProject
Project("{FAE04EC0-301F-11D3-BF4B-00C04F79EFBC}") = "WalletWise.Unit.Tests", "WalletWise.UnitTest\WalletWise.Unit.Tests.csproj", "{41A8204F-1603-4CE5-99C8-E1B4D481AA87}"
EndProject
Project("{FAE04EC0-301F-11D3-BF4B-00C04F79EFBC}") = "WalletWise.Integration.Test", "WalletWise.Integration.Test\WalletWise.Integration.Test.csproj", "{0455FE3E-2B42-4A79-939C-76F4AFC49EEB}"
EndProject
Project("{FAE04EC0-301F-11D3-BF4B-00C04F79EFBC}") = "WalletWise.Infrastructure", "WalletWise.Infrastructure\WalletWise.Infrastructure.csproj", "{A1821E67-2988-4E93-AF37-ADB9A53C5CBF}"
EndProject
Project("{2150E333-8FDC-42A3-9474-1A3956D46DE8}") = "Infraestructure", "Infraestructure", "{1F4A2B63-B5AB-4134-9C80-3554C7D8B2AC}"
EndProject
Global
	GlobalSection(SolutionConfigurationPlatforms) = preSolution
		Debug|Any CPU = Debug|Any CPU
		Debug|x64 = Debug|x64
		Debug|x86 = Debug|x86
		Release|Any CPU = Release|Any CPU
		Release|x64 = Release|x64
		Release|x86 = Release|x86
	EndGlobalSection
	GlobalSection(ProjectConfigurationPlatforms) = postSolution
		{AA038A2A-3FF8-46A3-9401-CD127E5230EE}.Debug|Any CPU.ActiveCfg = Debug|Any CPU
		{AA038A2A-3FF8-46A3-9401-CD127E5230EE}.Debug|Any CPU.Build.0 = Debug|Any CPU
		{AA038A2A-3FF8-46A3-9401-CD127E5230EE}.Debug|x64.ActiveCfg = Debug|Any CPU
		{AA038A2A-3FF8-46A3-9401-CD127E5230EE}.Debug|x64.Build.0 = Debug|Any CPU
		{AA038A2A-3FF8-46A3-9401-CD127E5230EE}.Debug|x86.ActiveCfg = Debug|Any CPU
		{AA038A2A-3FF8-46A3-9401-CD127E5230EE}.Debug|x86.Build.0 = Debug|Any CPU
		{AA038A2A-3FF8-46A3-9401-CD127E5230EE}.Release|Any CPU.ActiveCfg = Release|Any CPU
		{AA038A2A-3FF8-46A3-9401-CD127E5230EE}.Release|Any CPU.Build.0 = Release|Any CPU
		{AA038A2A-3FF8-46A3-9401-CD127E5230EE}.Release|x64.ActiveCfg = Release|Any CPU
		{AA038A2A-3FF8-46A3-9401-CD127E5230EE}.Release|x64.Build.0 = Release|Any CPU
		{AA038A2A-3FF8-46A3-9401-CD127E5230EE}.Release|x86.ActiveCfg = Release|Any CPU
		{AA038A2A-3FF8-46A3-9401-CD127E5230EE}.Release|x86.Build.0 = Release|Any CPU
		{5588DEC3-AF73-4EB5-8E8A-7FA842D808C0}.Debug|Any CPU.ActiveCfg = Debug|Any CPU
		{5588DEC3-AF73-4EB5-8E8A-7FA842D808C0}.Debug|Any CPU.Build.0 = Debug|Any CPU
		{5588DEC3-AF73-4EB5-8E8A-7FA842D808C0}.Debug|x64.ActiveCfg = Debug|Any CPU
		{5588DEC3-AF73-4EB5-8E8A-7FA842D808C0}.Debug|x64.Build.0 = Debug|Any CPU
		{5588DEC3-AF73-4EB5-8E8A-7FA842D808C0}.Debug|x86.ActiveCfg = Debug|Any CPU
		{5588DEC3-AF73-4EB5-8E8A-7FA842D808C0}.Debug|x86.Build.0 = Debug|Any CPU
		{5588DEC3-AF73-4EB5-8E8A-7FA842D808C0}.Release|Any CPU.ActiveCfg = Release|Any CPU
		{5588DEC3-AF73-4EB5-8E8A-7FA842D808C0}.Release|Any CPU.Build.0 = Release|Any CPU
		{5588DEC3-AF73-4EB5-8E8A-7FA842D808C0}.Release|x64.ActiveCfg = Release|Any CPU
		{5588DEC3-AF73-4EB5-8E8A-7FA842D808C0}.Release|x64.Build.0 = Release|Any CPU
		{5588DEC3-AF73-4EB5-8E8A-7FA842D808C0}.Release|x86.ActiveCfg = Release|Any CPU
		{5588DEC3-AF73-4EB5-8E8A-7FA842D808C0}.Release|x86.Build.0 = Release|Any CPU
		{CBEB5117-6414-4B64-9691-A7F67AB1DCA5}.Debug|Any CPU.ActiveCfg = Debug|Any CPU
		{CBEB5117-6414-4B64-9691-A7F67AB1DCA5}.Debug|Any CPU.Build.0 = Debug|Any CPU
		{CBEB5117-6414-4B64-9691-A7F67AB1DCA5}.Debug|x64.ActiveCfg = Debug|Any CPU
		{CBEB5117-6414-4B64-9691-A7F67AB1DCA5}.Debug|x64.Build.0 = Debug|Any CPU
		{CBEB5117-6414-4B64-9691-A7F67AB1DCA5}.Debug|x86.ActiveCfg = Debug|Any CPU
		{CBEB5117-6414-4B64-9691-A7F67AB1DCA5}.Debug|x86.Build.0 = Debug|Any CPU
		{CBEB5117-6414-4B64-9691-A7F67AB1DCA5}.Release|Any CPU.ActiveCfg = Release|Any CPU
		{CBEB5117-6414-4B64-9691-A7F67AB1DCA5}.Release|Any CPU.Build.0 = Release|Any CPU
		{CBEB5117-6414-4B64-9691-A7F67AB1DCA5}.Release|x64.ActiveCfg = Release|Any CPU
		{CBEB5117-6414-4B64-9691-A7F67AB1DCA5}.Release|x64.Build.0 = Release|Any CPU
		{CBEB5117-6414-4B64-9691-A7F67AB1DCA5}.Release|x86.ActiveCfg = Release|Any CPU
		{CBEB5117-6414-4B64-9691-A7F67AB1DCA5}.Release|x86.Build.0 = Release|Any CPU
		{41A8204F-1603-4CE5-99C8-E1B4D481AA87}.Debug|Any CPU.ActiveCfg = Debug|Any CPU
		{41A8204F-1603-4CE5-99C8-E1B4D481AA87}.Debug|Any CPU.Build.0 = Debug|Any CPU
		{41A8204F-1603-4CE5-99C8-E1B4D481AA87}.Debug|x64.ActiveCfg = Debug|Any CPU
		{41A8204F-1603-4CE5-99C8-E1B4D481AA87}.Debug|x64.Build.0 = Debug|Any CPU
		{41A8204F-1603-4CE5-99C8-E1B4D481AA87}.Debug|x86.ActiveCfg = Debug|Any CPU
		{41A8204F-1603-4CE5-99C8-E1B4D481AA87}.Debug|x86.Build.0 = Debug|Any CPU
		{41A8204F-1603-4CE5-99C8-E1B4D481AA87}.Release|Any CPU.ActiveCfg = Release|Any CPU
		{41A8204F-1603-4CE5-99C8-E1B4D481AA87}.Release|Any CPU.Build.0 = Release|Any CPU
		{41A8204F-1603-4CE5-99C8-E1B4D481AA87}.Release|x64.ActiveCfg = Release|Any CPU
		{41A8204F-1603-4CE5-99C8-E1B4D481AA87}.Release|x64.Build.0 = Release|Any CPU
		{41A8204F-1603-4CE5-99C8-E1B4D481AA87}.Release|x86.ActiveCfg = Release|Any CPU
		{41A8204F-1603-4CE5-99C8-E1B4D481AA87}.Release|x86.Build.0 = Release|Any CPU
		{0455FE3E-2B42-4A79-939C-76F4AFC49EEB}.Debug|Any CPU.ActiveCfg = Debug|Any CPU
		{0455FE3E-2B42-4A79-939C-76F4AFC49EEB}.Debug|Any CPU.Build.0 = Debug|Any CPU
		{0455FE3E-2B42-4A79-939C-76F4AFC49EEB}.Debug|x64.ActiveCfg = Debug|Any CPU
		{0455FE3E-2B42-4A79-939C-76F4AFC49EEB}.Debug|x64.Build.0 = Debug|Any CPU
		{0455FE3E-2B42-4A79-939C-76F4AFC49EEB}.Debug|x86.ActiveCfg = Debug|Any CPU
		{0455FE3E-2B42-4A79-939C-76F4AFC49EEB}.Debug|x86.Build.0 = Debug|Any CPU
		{0455FE3E-2B42-4A79-939C-76F4AFC49EEB}.Release|Any CPU.ActiveCfg = Release|Any CPU
		{0455FE3E-2B42-4A79-939C-76F4AFC49EEB}.Release|Any CPU.Build.0 = Release|Any CPU
		{0455FE3E-2B42-4A79-939C-76F4AFC49EEB}.Release|x64.ActiveCfg = Release|Any CPU
		{0455FE3E-2B42-4A79-939C-76F4AFC49EEB}.Release|x64.Build.0 = Release|Any CPU
		{0455FE3E-2B42-4A79-939C-76F4AFC49EEB}.Release|x86.ActiveCfg = Release|Any CPU
		{0455FE3E-2B42-4A79-939C-76F4AFC49EEB}.Release|x86.Build.0 = Release|Any CPU
		{A1821E67-2988-4E93-AF37-ADB9A53C5CBF}.Debug|Any CPU.ActiveCfg = Debug|Any CPU
		{A1821E67-2988-4E93-AF37-ADB9A53C5CBF}.Debug|Any CPU.Build.0 = Debug|Any CPU
		{A1821E67-2988-4E93-AF37-ADB9A53C5CBF}.Debug|x64.ActiveCfg = Debug|Any CPU
		{A1821E67-2988-4E93-AF37-ADB9A53C5CBF}.Debug|x64.Build.0 = Debug|Any CPU
		{A1821E67-2988-4E93-AF37-ADB9A53C5CBF}.Debug|x86.ActiveCfg = Debug|Any CPU
		{A1821E67-2988-4E93-AF37-ADB9A53C5CBF}.Debug|x86.Build.0 = Debug|Any CPU
		{A1821E67-2988-4E93-AF37-ADB9A53C5CBF}.Release|Any CPU.ActiveCfg = Release|Any CPU
		{A1821E67-2988-4E93-AF37-ADB9A53C5CBF}.Release|Any CPU.Build.0 = Release|Any CPU
		{A1821E67-2988-4E93-AF37-ADB9A53C5CBF}.Release|x64.ActiveCfg = Release|Any CPU
		{A1821E67-2988-4E93-AF37-ADB9A53C5CBF}.Release|x64.Build.0 = Release|Any CPU
		{A1821E67-2988-4E93-AF37-ADB9A53C5CBF}.Release|x86.ActiveCfg = Release|Any CPU
		{A1821E67-2988-4E93-AF37-ADB9A53C5CBF}.Release|x86.Build.0 = Release|Any CPU
	EndGlobalSection
	GlobalSection(SolutionProperties) = preSolution
		HideSolutionNode = FALSE
	EndGlobalSection
	GlobalSection(NestedProjects) = preSolution
		{AA038A2A-3FF8-46A3-9401-CD127E5230EE} = {C19EB51E-EC26-410A-8CC8-9BE48E9A4B76}
		{C19EB51E-EC26-410A-8CC8-9BE48E9A4B76} = {02EA681E-C7D8-13C7-8484-4AC65E1B71E8}
		{5588DEC3-AF73-4EB5-8E8A-7FA842D808C0} = {D3C078CD-D1FB-4490-81FB-5828E382553E}
		{CBEB5117-6414-4B64-9691-A7F67AB1DCA5} = {D3C078CD-D1FB-4490-81FB-5828E382553E}
		{41A8204F-1603-4CE5-99C8-E1B4D481AA87} = {D85D1AEB-CA79-4483-A28C-172DFC84FF7F}
		{0455FE3E-2B42-4A79-939C-76F4AFC49EEB} = {D85D1AEB-CA79-4483-A28C-172DFC84FF7F}
		{A1821E67-2988-4E93-AF37-ADB9A53C5CBF} = {1F4A2B63-B5AB-4134-9C80-3554C7D8B2AC}
	EndGlobalSection
	GlobalSection(ExtensibilityGlobals) = postSolution
		SolutionGuid = {9DC7D193-D733-42E9-96F3-2863EC5CD3B2}
	EndGlobalSection
EndGlobal
